// !$*UTF8*$!
{
	archiveVersion = 1;
	classes = {
	};
	objectVersion = 56;
	objects = {

/* Begin PBXBuildFile section */
		360C5D01166867909BA9EB89 /* Pods_HelloDjinni.framework in Frameworks */ = {isa = PBXBuildFile; fileRef = 5BAC3F8262269827253366DD /* Pods_HelloDjinni.framework */; };
		4F436E912A0CD8E5000D1F4A /* AppDelegate.m in Sources */ = {isa = PBXBuildFile; fileRef = 4F436E902A0CD8E5000D1F4A /* AppDelegate.m */; };
		4F436E9C2A0CD8E9000D1F4A /* Assets.xcassets in Resources */ = {isa = PBXBuildFile; fileRef = 4F436E9B2A0CD8E9000D1F4A /* Assets.xcassets */; };
		4F436E9F2A0CD8E9000D1F4A /* LaunchScreen.storyboard in Resources */ = {isa = PBXBuildFile; fileRef = 4F436E9D2A0CD8E9000D1F4A /* LaunchScreen.storyboard */; };
		4F436EA22A0CD8E9000D1F4A /* main.m in Sources */ = {isa = PBXBuildFile; fileRef = 4F436EA12A0CD8E9000D1F4A /* main.m */; };
		4F532A632A121A9900A69160 /* RootViewController.m in Sources */ = {isa = PBXBuildFile; fileRef = 4F532A5E2A121A9900A69160 /* RootViewController.m */; };
		4F7C30002A23795300B7F7C9 /* UseDjinniOCInterfaceViewController.m in Sources */ = {isa = PBXBuildFile; fileRef = 4F7C2FFF2A23795300B7F7C9 /* UseDjinniOCInterfaceViewController.m */; };
		4F7C30052A237A2C00B7F7C9 /* WCHelloWorld+Private.mm in Sources */ = {isa = PBXBuildFile; fileRef = 4F7C30032A237A2C00B7F7C9 /* WCHelloWorld+Private.mm */; };
		4F7C300D2A237AE800B7F7C9 /* DJIProxyCaches.mm in Sources */ = {isa = PBXBuildFile; fileRef = 4F7C30072A237AE700B7F7C9 /* DJIProxyCaches.mm */; };
		4F7C300E2A237AE800B7F7C9 /* DJIError.mm in Sources */ = {isa = PBXBuildFile; fileRef = 4F7C300A2A237AE700B7F7C9 /* DJIError.mm */; };
		4F7C30102A237BFA00B7F7C9 /* libHelloWorld.a in Frameworks */ = {isa = PBXBuildFile; fileRef = 4F7C300F2A237BFA00B7F7C9 /* libHelloWorld.a */; };
		4F7C30192A23821B00B7F7C9 /* AppDelegate.m in Sources */ = {isa = PBXBuildFile; fileRef = 4F7C30182A23821B00B7F7C9 /* AppDelegate.m */; };
		4F7C30242A23821E00B7F7C9 /* Assets.xcassets in Resources */ = {isa = PBXBuildFile; fileRef = 4F7C30232A23821E00B7F7C9 /* Assets.xcassets */; };
		4F7C30272A23821E00B7F7C9 /* LaunchScreen.storyboard in Resources */ = {isa = PBXBuildFile; fileRef = 4F7C30252A23821E00B7F7C9 /* LaunchScreen.storyboard */; };
		4F7C302A2A23821E00B7F7C9 /* main.m in Sources */ = {isa = PBXBuildFile; fileRef = 4F7C30292A23821E00B7F7C9 /* main.m */; };
		4F7C303D2A23826200B7F7C9 /* hello_world_impl.cpp in Sources */ = {isa = PBXBuildFile; fileRef = 4F7C303C2A23826200B7F7C9 /* hello_world_impl.cpp */; };
		4F7C30432A2382DE00B7F7C9 /* RootViewController.m in Sources */ = {isa = PBXBuildFile; fileRef = 4F7C303E2A2382DE00B7F7C9 /* RootViewController.m */; };
		4F7C30442A2382DE00B7F7C9 /* UseCppStaticLibViewController.mm in Sources */ = {isa = PBXBuildFile; fileRef = 4F7C30402A2382DE00B7F7C9 /* UseCppStaticLibViewController.mm */; };
		4F7C30472A23830000B7F7C9 /* libCppStaticLib.a in Frameworks */ = {isa = PBXBuildFile; fileRef = 4F7C30322A23823C00B7F7C9 /* libCppStaticLib.a */; };
		4F7C30492A2383B400B7F7C9 /* libc++.tbd in Frameworks */ = {isa = PBXBuildFile; fileRef = 4F7C30482A2383B400B7F7C9 /* libc++.tbd */; };
/* End PBXBuildFile section */

/* Begin PBXContainerItemProxy section */
		4F7C30452A2382F900B7F7C9 /* PBXContainerItemProxy */ = {
			isa = PBXContainerItemProxy;
			containerPortal = 4F436E842A0CD8E5000D1F4A /* Project object */;
			proxyType = 1;
			remoteGlobalIDString = 4F7C30312A23823C00B7F7C9;
			remoteInfo = CppStaticLib;
		};
/* End PBXContainerItemProxy section */

/* Begin PBXCopyFilesBuildPhase section */
		4F7C30302A23823C00B7F7C9 /* CopyFiles */ = {
			isa = PBXCopyFilesBuildPhase;
			buildActionMask = 2147483647;
			dstPath = "include/$(PRODUCT_NAME)";
			dstSubfolderSpec = 16;
			files = (
			);
			runOnlyForDeploymentPostprocessing = 0;
		};
/* End PBXCopyFilesBuildPhase section */

/* Begin PBXFileReference section */
		4F436E8C2A0CD8E5000D1F4A /* HelloDjinni.app */ = {isa = PBXFileReference; explicitFileType = wrapper.application; includeInIndex = 0; path = HelloDjinni.app; sourceTree = BUILT_PRODUCTS_DIR; };
		4F436E8F2A0CD8E5000D1F4A /* AppDelegate.h */ = {isa = PBXFileReference; lastKnownFileType = sourcecode.c.h; path = AppDelegate.h; sourceTree = "<group>"; };
		4F436E902A0CD8E5000D1F4A /* AppDelegate.m */ = {isa = PBXFileReference; lastKnownFileType = sourcecode.c.objc; path = AppDelegate.m; sourceTree = "<group>"; };
		4F436E9B2A0CD8E9000D1F4A /* Assets.xcassets */ = {isa = PBXFileReference; lastKnownFileType = folder.assetcatalog; path = Assets.xcassets; sourceTree = "<group>"; };
		4F436E9E2A0CD8E9000D1F4A /* Base */ = {isa = PBXFileReference; lastKnownFileType = file.storyboard; name = Base; path = Base.lproj/LaunchScreen.storyboard; sourceTree = "<group>"; };
		4F436EA02A0CD8E9000D1F4A /* Info.plist */ = {isa = PBXFileReference; lastKnownFileType = text.plist.xml; path = Info.plist; sourceTree = "<group>"; };
		4F436EA12A0CD8E9000D1F4A /* main.m */ = {isa = PBXFileReference; lastKnownFileType = sourcecode.c.objc; path = main.m; sourceTree = "<group>"; };
		4F532A5C2A121A2600A69160 /* libHelloWorld.a */ = {isa = PBXFileReference; lastKnownFileType = archive.ar; name = libHelloWorld.a; path = ../out/obj/libHelloWorld.a; sourceTree = "<group>"; };
		4F532A5E2A121A9900A69160 /* RootViewController.m */ = {isa = PBXFileReference; fileEncoding = 4; lastKnownFileType = sourcecode.c.objc; path = RootViewController.m; sourceTree = "<group>"; };
		4F532A622A121A9900A69160 /* RootViewController.h */ = {isa = PBXFileReference; fileEncoding = 4; lastKnownFileType = sourcecode.c.h; path = RootViewController.h; sourceTree = "<group>"; };
		4F7C2FFE2A23795300B7F7C9 /* UseDjinniOCInterfaceViewController.h */ = {isa = PBXFileReference; lastKnownFileType = sourcecode.c.h; path = UseDjinniOCInterfaceViewController.h; sourceTree = "<group>"; };
		4F7C2FFF2A23795300B7F7C9 /* UseDjinniOCInterfaceViewController.m */ = {isa = PBXFileReference; lastKnownFileType = sourcecode.c.objc; path = UseDjinniOCInterfaceViewController.m; sourceTree = "<group>"; };
		4F7C30022A237A2C00B7F7C9 /* WCHelloWorld+Private.h */ = {isa = PBXFileReference; fileEncoding = 4; lastKnownFileType = sourcecode.c.h; name = "WCHelloWorld+Private.h"; path = "../../../generated/objc/WCHelloWorld+Private.h"; sourceTree = "<group>"; };
		4F7C30032A237A2C00B7F7C9 /* WCHelloWorld+Private.mm */ = {isa = PBXFileReference; fileEncoding = 4; lastKnownFileType = sourcecode.cpp.objcpp; name = "WCHelloWorld+Private.mm"; path = "../../../generated/objc/WCHelloWorld+Private.mm"; sourceTree = "<group>"; };
		4F7C30042A237A2C00B7F7C9 /* WCHelloWorld.h */ = {isa = PBXFileReference; fileEncoding = 4; lastKnownFileType = sourcecode.c.h; name = WCHelloWorld.h; path = ../../../generated/objc/WCHelloWorld.h; sourceTree = "<group>"; };
		4F7C30072A237AE700B7F7C9 /* DJIProxyCaches.mm */ = {isa = PBXFileReference; fileEncoding = 4; lastKnownFileType = sourcecode.cpp.objcpp; name = DJIProxyCaches.mm; path = "../../../../djinni/support-lib/objc/DJIProxyCaches.mm"; sourceTree = "<group>"; };
		4F7C30082A237AE700B7F7C9 /* DJIObjcWrapperCache+Private.h */ = {isa = PBXFileReference; fileEncoding = 4; lastKnownFileType = sourcecode.c.h; name = "DJIObjcWrapperCache+Private.h"; path = "../../../../djinni/support-lib/objc/DJIObjcWrapperCache+Private.h"; sourceTree = "<group>"; };
		4F7C30092A237AE700B7F7C9 /* DJICppWrapperCache+Private.h */ = {isa = PBXFileReference; fileEncoding = 4; lastKnownFileType = sourcecode.c.h; name = "DJICppWrapperCache+Private.h"; path = "../../../../djinni/support-lib/objc/DJICppWrapperCache+Private.h"; sourceTree = "<group>"; };
		4F7C300A2A237AE700B7F7C9 /* DJIError.mm */ = {isa = PBXFileReference; fileEncoding = 4; lastKnownFileType = sourcecode.cpp.objcpp; name = DJIError.mm; path = "../../../../djinni/support-lib/objc/DJIError.mm"; sourceTree = "<group>"; };
		4F7C300B2A237AE800B7F7C9 /* DJIMarshal+Private.h */ = {isa = PBXFileReference; fileEncoding = 4; lastKnownFileType = sourcecode.c.h; name = "DJIMarshal+Private.h"; path = "../../../../djinni/support-lib/objc/DJIMarshal+Private.h"; sourceTree = "<group>"; };
		4F7C300C2A237AE800B7F7C9 /* DJIError.h */ = {isa = PBXFileReference; fileEncoding = 4; lastKnownFileType = sourcecode.c.h; name = DJIError.h; path = "../../../../djinni/support-lib/objc/DJIError.h"; sourceTree = "<group>"; };
		4F7C300F2A237BFA00B7F7C9 /* libHelloWorld.a */ = {isa = PBXFileReference; lastKnownFileType = archive.ar; name = libHelloWorld.a; path = ../ios_out/all/obj/libHelloWorld.a; sourceTree = "<group>"; };
		4F7C30152A23821B00B7F7C9 /* UseCppStaticLib.app */ = {isa = PBXFileReference; explicitFileType = wrapper.application; includeInIndex = 0; path = UseCppStaticLib.app; sourceTree = BUILT_PRODUCTS_DIR; };
		4F7C30172A23821B00B7F7C9 /* AppDelegate.h */ = {isa = PBXFileReference; lastKnownFileType = sourcecode.c.h; path = AppDelegate.h; sourceTree = "<group>"; };
		4F7C30182A23821B00B7F7C9 /* AppDelegate.m */ = {isa = PBXFileReference; lastKnownFileType = sourcecode.c.objc; path = AppDelegate.m; sourceTree = "<group>"; };
		4F7C30232A23821E00B7F7C9 /* Assets.xcassets */ = {isa = PBXFileReference; lastKnownFileType = folder.assetcatalog; path = Assets.xcassets; sourceTree = "<group>"; };
		4F7C30262A23821E00B7F7C9 /* Base */ = {isa = PBXFileReference; lastKnownFileType = file.storyboard; name = Base; path = Base.lproj/LaunchScreen.storyboard; sourceTree = "<group>"; };
		4F7C30282A23821E00B7F7C9 /* Info.plist */ = {isa = PBXFileReference; lastKnownFileType = text.plist.xml; path = Info.plist; sourceTree = "<group>"; };
		4F7C30292A23821E00B7F7C9 /* main.m */ = {isa = PBXFileReference; lastKnownFileType = sourcecode.c.objc; path = main.m; sourceTree = "<group>"; };
		4F7C30322A23823C00B7F7C9 /* libCppStaticLib.a */ = {isa = PBXFileReference; explicitFileType = archive.ar; includeInIndex = 0; path = libCppStaticLib.a; sourceTree = BUILT_PRODUCTS_DIR; };
		4F7C303B2A23826200B7F7C9 /* HelloWorld.hpp */ = {isa = PBXFileReference; fileEncoding = 4; lastKnownFileType = sourcecode.cpp.h; path = HelloWorld.hpp; sourceTree = "<group>"; };
		4F7C303C2A23826200B7F7C9 /* hello_world_impl.cpp */ = {isa = PBXFileReference; fileEncoding = 4; lastKnownFileType = sourcecode.cpp.cpp; path = hello_world_impl.cpp; sourceTree = "<group>"; };
		4F7C303E2A2382DE00B7F7C9 /* RootViewController.m */ = {isa = PBXFileReference; fileEncoding = 4; lastKnownFileType = sourcecode.c.objc; path = RootViewController.m; sourceTree = "<group>"; };
		4F7C30402A2382DE00B7F7C9 /* UseCppStaticLibViewController.mm */ = {isa = PBXFileReference; fileEncoding = 4; lastKnownFileType = sourcecode.cpp.objcpp; path = UseCppStaticLibViewController.mm; sourceTree = "<group>"; };
		4F7C30412A2382DE00B7F7C9 /* UseCppStaticLibViewController.h */ = {isa = PBXFileReference; fileEncoding = 4; lastKnownFileType = sourcecode.c.h; path = UseCppStaticLibViewController.h; sourceTree = "<group>"; };
		4F7C30422A2382DE00B7F7C9 /* RootViewController.h */ = {isa = PBXFileReference; fileEncoding = 4; lastKnownFileType = sourcecode.c.h; path = RootViewController.h; sourceTree = "<group>"; };
		4F7C30482A2383B400B7F7C9 /* libc++.tbd */ = {isa = PBXFileReference; lastKnownFileType = "sourcecode.text-based-dylib-definition"; name = "libc++.tbd"; path = "usr/lib/libc++.tbd"; sourceTree = SDKROOT; };
		5A30C2D42566DC2F0A7A1E0C /* Pods-HelloDjinni.debug.xcconfig */ = {isa = PBXFileReference; includeInIndex = 1; lastKnownFileType = text.xcconfig; name = "Pods-HelloDjinni.debug.xcconfig"; path = "Target Support Files/Pods-HelloDjinni/Pods-HelloDjinni.debug.xcconfig"; sourceTree = "<group>"; };
		5BAC3F8262269827253366DD /* Pods_HelloDjinni.framework */ = {isa = PBXFileReference; explicitFileType = wrapper.framework; includeInIndex = 0; path = Pods_HelloDjinni.framework; sourceTree = BUILT_PRODUCTS_DIR; };
		FF5740B40DB71423EB534797 /* Pods-HelloDjinni.release.xcconfig */ = {isa = PBXFileReference; includeInIndex = 1; lastKnownFileType = text.xcconfig; name = "Pods-HelloDjinni.release.xcconfig"; path = "Target Support Files/Pods-HelloDjinni/Pods-HelloDjinni.release.xcconfig"; sourceTree = "<group>"; };
/* End PBXFileReference section */

/* Begin PBXFrameworksBuildPhase section */
		4F436E892A0CD8E5000D1F4A /* Frameworks */ = {
			isa = PBXFrameworksBuildPhase;
			buildActionMask = 2147483647;
			files = (
				360C5D01166867909BA9EB89 /* Pods_HelloDjinni.framework in Frameworks */,
				4F7C30102A237BFA00B7F7C9 /* libHelloWorld.a in Frameworks */,
			);
			runOnlyForDeploymentPostprocessing = 0;
		};
		4F7C30122A23821B00B7F7C9 /* Frameworks */ = {
			isa = PBXFrameworksBuildPhase;
			buildActionMask = 2147483647;
			files = (
				4F7C30492A2383B400B7F7C9 /* libc++.tbd in Frameworks */,
				4F7C30472A23830000B7F7C9 /* libCppStaticLib.a in Frameworks */,
			);
			runOnlyForDeploymentPostprocessing = 0;
		};
		4F7C302F2A23823C00B7F7C9 /* Frameworks */ = {
			isa = PBXFrameworksBuildPhase;
			buildActionMask = 2147483647;
			files = (
			);
			runOnlyForDeploymentPostprocessing = 0;
		};
/* End PBXFrameworksBuildPhase section */

/* Begin PBXGroup section */
		30E8A1328873EB493D7EAC4C /* Frameworks */ = {
			isa = PBXGroup;
			children = (
				4F7C30482A2383B400B7F7C9 /* libc++.tbd */,
				4F532A5C2A121A2600A69160 /* libHelloWorld.a */,
				4F7C300F2A237BFA00B7F7C9 /* libHelloWorld.a */,
				5BAC3F8262269827253366DD /* Pods_HelloDjinni.framework */,
			);
			name = Frameworks;
			sourceTree = "<group>";
		};
		4F436E832A0CD8E5000D1F4A = {
			isa = PBXGroup;
			children = (
				4F436E8E2A0CD8E5000D1F4A /* HelloDjinni */,
				4F7C30162A23821B00B7F7C9 /* UseCppStaticLib */,
				4F7C30332A23823C00B7F7C9 /* CppStaticLib */,
				4F436E8D2A0CD8E5000D1F4A /* Products */,
				FB392D40142B498AF24BC1A0 /* Pods */,
				30E8A1328873EB493D7EAC4C /* Frameworks */,
			);
			sourceTree = "<group>";
		};
		4F436E8D2A0CD8E5000D1F4A /* Products */ = {
			isa = PBXGroup;
			children = (
				4F436E8C2A0CD8E5000D1F4A /* HelloDjinni.app */,
				4F7C30152A23821B00B7F7C9 /* UseCppStaticLib.app */,
				4F7C30322A23823C00B7F7C9 /* libCppStaticLib.a */,
			);
			name = Products;
			sourceTree = "<group>";
		};
		4F436E8E2A0CD8E5000D1F4A /* HelloDjinni */ = {
			isa = PBXGroup;
			children = (
				4F7C30062A237AC700B7F7C9 /* djinni_lib */,
				4F7C30012A2379FB00B7F7C9 /* djinni_objc_interfaces */,
				4F532A5F2A121A9900A69160 /* AppTestDemos */,
				4F436E8F2A0CD8E5000D1F4A /* AppDelegate.h */,
				4F436E902A0CD8E5000D1F4A /* AppDelegate.m */,
				4F532A622A121A9900A69160 /* RootViewController.h */,
				4F532A5E2A121A9900A69160 /* RootViewController.m */,
				4F436E9B2A0CD8E9000D1F4A /* Assets.xcassets */,
				4F436E9D2A0CD8E9000D1F4A /* LaunchScreen.storyboard */,
				4F436EA02A0CD8E9000D1F4A /* Info.plist */,
				4F436EA12A0CD8E9000D1F4A /* main.m */,
			);
			path = HelloDjinni;
			sourceTree = "<group>";
		};
		4F532A5F2A121A9900A69160 /* AppTestDemos */ = {
			isa = PBXGroup;
			children = (
				4F7C2FFE2A23795300B7F7C9 /* UseDjinniOCInterfaceViewController.h */,
				4F7C2FFF2A23795300B7F7C9 /* UseDjinniOCInterfaceViewController.m */,
			);
			path = AppTestDemos;
			sourceTree = "<group>";
		};
		4F7C30012A2379FB00B7F7C9 /* djinni_objc_interfaces */ = {
			isa = PBXGroup;
			children = (
				4F7C30042A237A2C00B7F7C9 /* WCHelloWorld.h */,
				4F7C30022A237A2C00B7F7C9 /* WCHelloWorld+Private.h */,
				4F7C30032A237A2C00B7F7C9 /* WCHelloWorld+Private.mm */,
			);
			path = djinni_objc_interfaces;
			sourceTree = "<group>";
		};
		4F7C30062A237AC700B7F7C9 /* djinni_lib */ = {
			isa = PBXGroup;
			children = (
				4F7C30092A237AE700B7F7C9 /* DJICppWrapperCache+Private.h */,
				4F7C300C2A237AE800B7F7C9 /* DJIError.h */,
				4F7C300A2A237AE700B7F7C9 /* DJIError.mm */,
				4F7C300B2A237AE800B7F7C9 /* DJIMarshal+Private.h */,
				4F7C30082A237AE700B7F7C9 /* DJIObjcWrapperCache+Private.h */,
				4F7C30072A237AE700B7F7C9 /* DJIProxyCaches.mm */,
			);
			path = djinni_lib;
			sourceTree = "<group>";
		};
		4F7C30162A23821B00B7F7C9 /* UseCppStaticLib */ = {
			isa = PBXGroup;
			children = (
				4F7C303F2A2382DE00B7F7C9 /* AppTestDemos */,
				4F7C30422A2382DE00B7F7C9 /* RootViewController.h */,
				4F7C303E2A2382DE00B7F7C9 /* RootViewController.m */,
				4F7C30172A23821B00B7F7C9 /* AppDelegate.h */,
				4F7C30182A23821B00B7F7C9 /* AppDelegate.m */,
				4F7C30232A23821E00B7F7C9 /* Assets.xcassets */,
				4F7C30252A23821E00B7F7C9 /* LaunchScreen.storyboard */,
				4F7C30282A23821E00B7F7C9 /* Info.plist */,
				4F7C30292A23821E00B7F7C9 /* main.m */,
			);
			path = UseCppStaticLib;
			sourceTree = "<group>";
		};
		4F7C30332A23823C00B7F7C9 /* CppStaticLib */ = {
			isa = PBXGroup;
			children = (
				4F7C303C2A23826200B7F7C9 /* hello_world_impl.cpp */,
				4F7C303B2A23826200B7F7C9 /* HelloWorld.hpp */,
			);
			path = CppStaticLib;
			sourceTree = "<group>";
		};
		4F7C303F2A2382DE00B7F7C9 /* AppTestDemos */ = {
			isa = PBXGroup;
			children = (
				4F7C30412A2382DE00B7F7C9 /* UseCppStaticLibViewController.h */,
				4F7C30402A2382DE00B7F7C9 /* UseCppStaticLibViewController.mm */,
			);
			path = AppTestDemos;
			sourceTree = "<group>";
		};
		FB392D40142B498AF24BC1A0 /* Pods */ = {
			isa = PBXGroup;
			children = (
				5A30C2D42566DC2F0A7A1E0C /* Pods-HelloDjinni.debug.xcconfig */,
				FF5740B40DB71423EB534797 /* Pods-HelloDjinni.release.xcconfig */,
			);
			path = Pods;
			sourceTree = "<group>";
		};
/* End PBXGroup section */

/* Begin PBXNativeTarget section */
		4F436E8B2A0CD8E5000D1F4A /* HelloDjinni */ = {
			isa = PBXNativeTarget;
			buildConfigurationList = 4F436EA52A0CD8E9000D1F4A /* Build configuration list for PBXNativeTarget "HelloDjinni" */;
			buildPhases = (
				DF8D28AD03A6EC298311183B /* [CP] Check Pods Manifest.lock */,
				4F436E882A0CD8E5000D1F4A /* Sources */,
				4F436E892A0CD8E5000D1F4A /* Frameworks */,
				4F436E8A2A0CD8E5000D1F4A /* Resources */,
			);
			buildRules = (
			);
			dependencies = (
			);
			name = HelloDjinni;
			productName = HelloDjinni;
			productReference = 4F436E8C2A0CD8E5000D1F4A /* HelloDjinni.app */;
			productType = "com.apple.product-type.application";
		};
		4F7C30142A23821B00B7F7C9 /* UseCppStaticLib */ = {
			isa = PBXNativeTarget;
			buildConfigurationList = 4F7C302B2A23821E00B7F7C9 /* Build configuration list for PBXNativeTarget "UseCppStaticLib" */;
			buildPhases = (
				4F7C30112A23821B00B7F7C9 /* Sources */,
				4F7C30122A23821B00B7F7C9 /* Frameworks */,
				4F7C30132A23821B00B7F7C9 /* Resources */,
			);
			buildRules = (
			);
			dependencies = (
				4F7C30462A2382F900B7F7C9 /* PBXTargetDependency */,
			);
			name = UseCppStaticLib;
			productName = UseCppStaticLib;
			productReference = 4F7C30152A23821B00B7F7C9 /* UseCppStaticLib.app */;
			productType = "com.apple.product-type.application";
		};
		4F7C30312A23823C00B7F7C9 /* CppStaticLib */ = {
			isa = PBXNativeTarget;
			buildConfigurationList = 4F7C30382A23823C00B7F7C9 /* Build configuration list for PBXNativeTarget "CppStaticLib" */;
			buildPhases = (
				4F7C302E2A23823C00B7F7C9 /* Sources */,
				4F7C302F2A23823C00B7F7C9 /* Frameworks */,
				4F7C30302A23823C00B7F7C9 /* CopyFiles */,
			);
			buildRules = (
			);
			dependencies = (
			);
			name = CppStaticLib;
			productName = CppStaticLib;
			productReference = 4F7C30322A23823C00B7F7C9 /* libCppStaticLib.a */;
			productType = "com.apple.product-type.library.static";
		};
/* End PBXNativeTarget section */

/* Begin PBXProject section */
		4F436E842A0CD8E5000D1F4A /* Project object */ = {
			isa = PBXProject;
			attributes = {
				BuildIndependentTargetsInParallel = 1;
				LastUpgradeCheck = 1430;
				TargetAttributes = {
					4F436E8B2A0CD8E5000D1F4A = {
						CreatedOnToolsVersion = 14.3;
					};
					4F7C30142A23821B00B7F7C9 = {
						CreatedOnToolsVersion = 14.3;
					};
					4F7C30312A23823C00B7F7C9 = {
						CreatedOnToolsVersion = 14.3;
					};
				};
			};
			buildConfigurationList = 4F436E872A0CD8E5000D1F4A /* Build configuration list for PBXProject "HelloDjinni" */;
			compatibilityVersion = "Xcode 14.0";
			developmentRegion = en;
			hasScannedForEncodings = 0;
			knownRegions = (
				en,
				Base,
			);
			mainGroup = 4F436E832A0CD8E5000D1F4A;
			productRefGroup = 4F436E8D2A0CD8E5000D1F4A /* Products */;
			projectDirPath = "";
			projectRoot = "";
			targets = (
				4F436E8B2A0CD8E5000D1F4A /* HelloDjinni */,
				4F7C30142A23821B00B7F7C9 /* UseCppStaticLib */,
				4F7C30312A23823C00B7F7C9 /* CppStaticLib */,
			);
		};
/* End PBXProject section */

/* Begin PBXResourcesBuildPhase section */
		4F436E8A2A0CD8E5000D1F4A /* Resources */ = {
			isa = PBXResourcesBuildPhase;
			buildActionMask = 2147483647;
			files = (
				4F436E9F2A0CD8E9000D1F4A /* LaunchScreen.storyboard in Resources */,
				4F436E9C2A0CD8E9000D1F4A /* Assets.xcassets in Resources */,
			);
			runOnlyForDeploymentPostprocessing = 0;
		};
		4F7C30132A23821B00B7F7C9 /* Resources */ = {
			isa = PBXResourcesBuildPhase;
			buildActionMask = 2147483647;
			files = (
				4F7C30272A23821E00B7F7C9 /* LaunchScreen.storyboard in Resources */,
				4F7C30242A23821E00B7F7C9 /* Assets.xcassets in Resources */,
			);
			runOnlyForDeploymentPostprocessing = 0;
		};
/* End PBXResourcesBuildPhase section */

/* Begin PBXShellScriptBuildPhase section */
		DF8D28AD03A6EC298311183B /* [CP] Check Pods Manifest.lock */ = {
			isa = PBXShellScriptBuildPhase;
			buildActionMask = 2147483647;
			files = (
			);
			inputFileListPaths = (
			);
			inputPaths = (
				"${PODS_PODFILE_DIR_PATH}/Podfile.lock",
				"${PODS_ROOT}/Manifest.lock",
			);
			name = "[CP] Check Pods Manifest.lock";
			outputFileListPaths = (
			);
			outputPaths = (
				"$(DERIVED_FILE_DIR)/Pods-HelloDjinni-checkManifestLockResult.txt",
			);
			runOnlyForDeploymentPostprocessing = 0;
			shellPath = /bin/sh;
			shellScript = "diff \"${PODS_PODFILE_DIR_PATH}/Podfile.lock\" \"${PODS_ROOT}/Manifest.lock\" > /dev/null\nif [ $? != 0 ] ; then\n    # print error to STDERR\n    echo \"error: The sandbox is not in sync with the Podfile.lock. Run 'pod install' or update your CocoaPods installation.\" >&2\n    exit 1\nfi\n# This output is used by Xcode 'outputs' to avoid re-running this script phase.\necho \"SUCCESS\" > \"${SCRIPT_OUTPUT_FILE_0}\"\n";
			showEnvVarsInLog = 0;
		};
/* End PBXShellScriptBuildPhase section */

/* Begin PBXSourcesBuildPhase section */
		4F436E882A0CD8E5000D1F4A /* Sources */ = {
			isa = PBXSourcesBuildPhase;
			buildActionMask = 2147483647;
			files = (
				4F7C300E2A237AE800B7F7C9 /* DJIError.mm in Sources */,
				4F7C30002A23795300B7F7C9 /* UseDjinniOCInterfaceViewController.m in Sources */,
				4F7C30052A237A2C00B7F7C9 /* WCHelloWorld+Private.mm in Sources */,
				4F436E912A0CD8E5000D1F4A /* AppDelegate.m in Sources */,
				4F436EA22A0CD8E9000D1F4A /* main.m in Sources */,
				4F532A632A121A9900A69160 /* RootViewController.m in Sources */,
				4F7C300D2A237AE800B7F7C9 /* DJIProxyCaches.mm in Sources */,
			);
			runOnlyForDeploymentPostprocessing = 0;
		};
		4F7C30112A23821B00B7F7C9 /* Sources */ = {
			isa = PBXSourcesBuildPhase;
			buildActionMask = 2147483647;
			files = (
				4F7C30192A23821B00B7F7C9 /* AppDelegate.m in Sources */,
				4F7C302A2A23821E00B7F7C9 /* main.m in Sources */,
				4F7C30442A2382DE00B7F7C9 /* UseCppStaticLibViewController.mm in Sources */,
				4F7C30432A2382DE00B7F7C9 /* RootViewController.m in Sources */,
			);
			runOnlyForDeploymentPostprocessing = 0;
		};
		4F7C302E2A23823C00B7F7C9 /* Sources */ = {
			isa = PBXSourcesBuildPhase;
			buildActionMask = 2147483647;
			files = (
				4F7C303D2A23826200B7F7C9 /* hello_world_impl.cpp in Sources */,
			);
			runOnlyForDeploymentPostprocessing = 0;
		};
/* End PBXSourcesBuildPhase section */

/* Begin PBXTargetDependency section */
		4F7C30462A2382F900B7F7C9 /* PBXTargetDependency */ = {
			isa = PBXTargetDependency;
			target = 4F7C30312A23823C00B7F7C9 /* CppStaticLib */;
			targetProxy = 4F7C30452A2382F900B7F7C9 /* PBXContainerItemProxy */;
		};
/* End PBXTargetDependency section */

/* Begin PBXVariantGroup section */
		4F436E9D2A0CD8E9000D1F4A /* LaunchScreen.storyboard */ = {
			isa = PBXVariantGroup;
			children = (
				4F436E9E2A0CD8E9000D1F4A /* Base */,
			);
			name = LaunchScreen.storyboard;
			sourceTree = "<group>";
		};
		4F7C30252A23821E00B7F7C9 /* LaunchScreen.storyboard */ = {
			isa = PBXVariantGroup;
			children = (
				4F7C30262A23821E00B7F7C9 /* Base */,
			);
			name = LaunchScreen.storyboard;
			sourceTree = "<group>";
		};
/* End PBXVariantGroup section */

/* Begin XCBuildConfiguration section */
		4F436EA32A0CD8E9000D1F4A /* Debug */ = {
			isa = XCBuildConfiguration;
			buildSettings = {
				ALWAYS_SEARCH_USER_PATHS = NO;
				CLANG_ANALYZER_NONNULL = YES;
				CLANG_ANALYZER_NUMBER_OBJECT_CONVERSION = YES_AGGRESSIVE;
				CLANG_CXX_LANGUAGE_STANDARD = "gnu++20";
				CLANG_ENABLE_MODULES = YES;
				CLANG_ENABLE_OBJC_ARC = YES;
				CLANG_ENABLE_OBJC_WEAK = YES;
				CLANG_WARN_BLOCK_CAPTURE_AUTORELEASING = YES;
				CLANG_WARN_BOOL_CONVERSION = YES;
				CLANG_WARN_COMMA = YES;
				CLANG_WARN_CONSTANT_CONVERSION = YES;
				CLANG_WARN_DEPRECATED_OBJC_IMPLEMENTATIONS = YES;
				CLANG_WARN_DIRECT_OBJC_ISA_USAGE = YES_ERROR;
				CLANG_WARN_DOCUMENTATION_COMMENTS = YES;
				CLANG_WARN_EMPTY_BODY = YES;
				CLANG_WARN_ENUM_CONVERSION = YES;
				CLANG_WARN_INFINITE_RECURSION = YES;
				CLANG_WARN_INT_CONVERSION = YES;
				CLANG_WARN_NON_LITERAL_NULL_CONVERSION = YES;
				CLANG_WARN_OBJC_IMPLICIT_RETAIN_SELF = YES;
				CLANG_WARN_OBJC_LITERAL_CONVERSION = YES;
				CLANG_WARN_OBJC_ROOT_CLASS = YES_ERROR;
				CLANG_WARN_QUOTED_INCLUDE_IN_FRAMEWORK_HEADER = YES;
				CLANG_WARN_RANGE_LOOP_ANALYSIS = YES;
				CLANG_WARN_STRICT_PROTOTYPES = YES;
				CLANG_WARN_SUSPICIOUS_MOVE = YES;
				CLANG_WARN_UNGUARDED_AVAILABILITY = YES_AGGRESSIVE;
				CLANG_WARN_UNREACHABLE_CODE = YES;
				CLANG_WARN__DUPLICATE_METHOD_MATCH = YES;
				COPY_PHASE_STRIP = NO;
				DEBUG_INFORMATION_FORMAT = dwarf;
				ENABLE_STRICT_OBJC_MSGSEND = YES;
				ENABLE_TESTABILITY = YES;
				GCC_C_LANGUAGE_STANDARD = gnu11;
				GCC_DYNAMIC_NO_PIC = NO;
				GCC_NO_COMMON_BLOCKS = YES;
				GCC_OPTIMIZATION_LEVEL = 0;
				GCC_PREPROCESSOR_DEFINITIONS = (
					"DEBUG=1",
					"$(inherited)",
				);
				GCC_WARN_64_TO_32_BIT_CONVERSION = YES;
				GCC_WARN_ABOUT_RETURN_TYPE = YES_ERROR;
				GCC_WARN_UNDECLARED_SELECTOR = YES;
				GCC_WARN_UNINITIALIZED_AUTOS = YES_AGGRESSIVE;
				GCC_WARN_UNUSED_FUNCTION = YES;
				GCC_WARN_UNUSED_VARIABLE = YES;
				IPHONEOS_DEPLOYMENT_TARGET = 11.0;
				MTL_ENABLE_DEBUG_INFO = INCLUDE_SOURCE;
				MTL_FAST_MATH = YES;
				ONLY_ACTIVE_ARCH = YES;
				SDKROOT = iphoneos;
			};
			name = Debug;
		};
		4F436EA42A0CD8E9000D1F4A /* Release */ = {
			isa = XCBuildConfiguration;
			buildSettings = {
				ALWAYS_SEARCH_USER_PATHS = NO;
				CLANG_ANALYZER_NONNULL = YES;
				CLANG_ANALYZER_NUMBER_OBJECT_CONVERSION = YES_AGGRESSIVE;
				CLANG_CXX_LANGUAGE_STANDARD = "gnu++20";
				CLANG_ENABLE_MODULES = YES;
				CLANG_ENABLE_OBJC_ARC = YES;
				CLANG_ENABLE_OBJC_WEAK = YES;
				CLANG_WARN_BLOCK_CAPTURE_AUTORELEASING = YES;
				CLANG_WARN_BOOL_CONVERSION = YES;
				CLANG_WARN_COMMA = YES;
				CLANG_WARN_CONSTANT_CONVERSION = YES;
				CLANG_WARN_DEPRECATED_OBJC_IMPLEMENTATIONS = YES;
				CLANG_WARN_DIRECT_OBJC_ISA_USAGE = YES_ERROR;
				CLANG_WARN_DOCUMENTATION_COMMENTS = YES;
				CLANG_WARN_EMPTY_BODY = YES;
				CLANG_WARN_ENUM_CONVERSION = YES;
				CLANG_WARN_INFINITE_RECURSION = YES;
				CLANG_WARN_INT_CONVERSION = YES;
				CLANG_WARN_NON_LITERAL_NULL_CONVERSION = YES;
				CLANG_WARN_OBJC_IMPLICIT_RETAIN_SELF = YES;
				CLANG_WARN_OBJC_LITERAL_CONVERSION = YES;
				CLANG_WARN_OBJC_ROOT_CLASS = YES_ERROR;
				CLANG_WARN_QUOTED_INCLUDE_IN_FRAMEWORK_HEADER = YES;
				CLANG_WARN_RANGE_LOOP_ANALYSIS = YES;
				CLANG_WARN_STRICT_PROTOTYPES = YES;
				CLANG_WARN_SUSPICIOUS_MOVE = YES;
				CLANG_WARN_UNGUARDED_AVAILABILITY = YES_AGGRESSIVE;
				CLANG_WARN_UNREACHABLE_CODE = YES;
				CLANG_WARN__DUPLICATE_METHOD_MATCH = YES;
				COPY_PHASE_STRIP = NO;
				DEBUG_INFORMATION_FORMAT = "dwarf-with-dsym";
				ENABLE_NS_ASSERTIONS = NO;
				ENABLE_STRICT_OBJC_MSGSEND = YES;
				GCC_C_LANGUAGE_STANDARD = gnu11;
				GCC_NO_COMMON_BLOCKS = YES;
				GCC_WARN_64_TO_32_BIT_CONVERSION = YES;
				GCC_WARN_ABOUT_RETURN_TYPE = YES_ERROR;
				GCC_WARN_UNDECLARED_SELECTOR = YES;
				GCC_WARN_UNINITIALIZED_AUTOS = YES_AGGRESSIVE;
				GCC_WARN_UNUSED_FUNCTION = YES;
				GCC_WARN_UNUSED_VARIABLE = YES;
				IPHONEOS_DEPLOYMENT_TARGET = 11.0;
				MTL_ENABLE_DEBUG_INFO = NO;
				MTL_FAST_MATH = YES;
				SDKROOT = iphoneos;
				VALIDATE_PRODUCT = YES;
			};
			name = Release;
		};
		4F436EA62A0CD8E9000D1F4A /* Debug */ = {
			isa = XCBuildConfiguration;
			baseConfigurationReference = 5A30C2D42566DC2F0A7A1E0C /* Pods-HelloDjinni.debug.xcconfig */;
			buildSettings = {
				ASSETCATALOG_COMPILER_APPICON_NAME = AppIcon;
				ASSETCATALOG_COMPILER_GLOBAL_ACCENT_COLOR_NAME = AccentColor;
				CODE_SIGN_STYLE = Automatic;
				CURRENT_PROJECT_VERSION = 1;
				DEVELOPMENT_TEAM = U7337LU6F2;
				HEADER_SEARCH_PATHS = "$(SRCROOT)/../generated/cpp/";
				INFOPLIST_FILE = HelloDjinni/Info.plist;
				INFOPLIST_KEY_UIApplicationSupportsIndirectInputEvents = YES;
				INFOPLIST_KEY_UILaunchStoryboardName = LaunchScreen;
				INFOPLIST_KEY_UISupportedInterfaceOrientations_iPad = "UIInterfaceOrientationPortrait UIInterfaceOrientationPortraitUpsideDown UIInterfaceOrientationLandscapeLeft UIInterfaceOrientationLandscapeRight";
				INFOPLIST_KEY_UISupportedInterfaceOrientations_iPhone = "UIInterfaceOrientationPortrait UIInterfaceOrientationLandscapeLeft UIInterfaceOrientationLandscapeRight";
				LD_RUNPATH_SEARCH_PATHS = (
					"$(inherited)",
					"@executable_path/Frameworks",
				);
				LIBRARY_SEARCH_PATHS = "$(SRCROOT)/../ios_out/all/obj";
				MARKETING_VERSION = 1.0;
				PRODUCT_BUNDLE_IDENTIFIER = com.wc.HelloDjinni;
				PRODUCT_NAME = "$(TARGET_NAME)";
				SWIFT_EMIT_LOC_STRINGS = YES;
				TARGETED_DEVICE_FAMILY = "1,2";
			};
			name = Debug;
		};
		4F436EA72A0CD8E9000D1F4A /* Release */ = {
			isa = XCBuildConfiguration;
			baseConfigurationReference = FF5740B40DB71423EB534797 /* Pods-HelloDjinni.release.xcconfig */;
			buildSettings = {
				ASSETCATALOG_COMPILER_APPICON_NAME = AppIcon;
				ASSETCATALOG_COMPILER_GLOBAL_ACCENT_COLOR_NAME = AccentColor;
				CODE_SIGN_STYLE = Automatic;
				CURRENT_PROJECT_VERSION = 1;
				DEVELOPMENT_TEAM = U7337LU6F2;
				HEADER_SEARCH_PATHS = "$(SRCROOT)/../generated/cpp/";
				INFOPLIST_FILE = HelloDjinni/Info.plist;
				INFOPLIST_KEY_UIApplicationSupportsIndirectInputEvents = YES;
				INFOPLIST_KEY_UILaunchStoryboardName = LaunchScreen;
				INFOPLIST_KEY_UISupportedInterfaceOrientations_iPad = "UIInterfaceOrientationPortrait UIInterfaceOrientationPortraitUpsideDown UIInterfaceOrientationLandscapeLeft UIInterfaceOrientationLandscapeRight";
				INFOPLIST_KEY_UISupportedInterfaceOrientations_iPhone = "UIInterfaceOrientationPortrait UIInterfaceOrientationLandscapeLeft UIInterfaceOrientationLandscapeRight";
				LD_RUNPATH_SEARCH_PATHS = (
					"$(inherited)",
					"@executable_path/Frameworks",
				);
				LIBRARY_SEARCH_PATHS = "$(SRCROOT)/../ios_out/all/obj";
				MARKETING_VERSION = 1.0;
				PRODUCT_BUNDLE_IDENTIFIER = com.wc.HelloDjinni;
				PRODUCT_NAME = "$(TARGET_NAME)";
				SWIFT_EMIT_LOC_STRINGS = YES;
				TARGETED_DEVICE_FAMILY = "1,2";
			};
			name = Release;
		};
		4F7C302C2A23821E00B7F7C9 /* Debug */ = {
			isa = XCBuildConfiguration;
			buildSettings = {
				ASSETCATALOG_COMPILER_APPICON_NAME = AppIcon;
				ASSETCATALOG_COMPILER_GLOBAL_ACCENT_COLOR_NAME = AccentColor;
				CODE_SIGN_STYLE = Automatic;
				CURRENT_PROJECT_VERSION = 1;
				INFOPLIST_FILE = UseCppStaticLib/Info.plist;
				INFOPLIST_KEY_UIApplicationSupportsIndirectInputEvents = YES;
				INFOPLIST_KEY_UILaunchStoryboardName = LaunchScreen;
				INFOPLIST_KEY_UISupportedInterfaceOrientations_iPad = "UIInterfaceOrientationPortrait UIInterfaceOrientationPortraitUpsideDown UIInterfaceOrientationLandscapeLeft UIInterfaceOrientationLandscapeRight";
				INFOPLIST_KEY_UISupportedInterfaceOrientations_iPhone = "UIInterfaceOrientationPortrait UIInterfaceOrientationLandscapeLeft UIInterfaceOrientationLandscapeRight";
				LD_RUNPATH_SEARCH_PATHS = (
					"$(inherited)",
					"@executable_path/Frameworks",
				);
				MARKETING_VERSION = 1.0;
				PRODUCT_BUNDLE_IDENTIFIER = com.wc.UseCppStaticLib;
				PRODUCT_NAME = "$(TARGET_NAME)";
				SWIFT_EMIT_LOC_STRINGS = YES;
				TARGETED_DEVICE_FAMILY = "1,2";
			};
			name = Debug;
		};
		4F7C302D2A23821E00B7F7C9 /* Release */ = {
			isa = XCBuildConfiguration;
			buildSettings = {
				ASSETCATALOG_COMPILER_APPICON_NAME = AppIcon;
				ASSETCATALOG_COMPILER_GLOBAL_ACCENT_COLOR_NAME = AccentColor;
				CODE_SIGN_STYLE = Automatic;
				CURRENT_PROJECT_VERSION = 1;
				INFOPLIST_FILE = UseCppStaticLib/Info.plist;
				INFOPLIST_KEY_UIApplicationSupportsIndirectInputEvents = YES;
				INFOPLIST_KEY_UILaunchStoryboardName = LaunchScreen;
				INFOPLIST_KEY_UISupportedInterfaceOrientations_iPad = "UIInterfaceOrientationPortrait UIInterfaceOrientationPortraitUpsideDown UIInterfaceOrientationLandscapeLeft UIInterfaceOrientationLandscapeRight";
				INFOPLIST_KEY_UISupportedInterfaceOrientations_iPhone = "UIInterfaceOrientationPortrait UIInterfaceOrientationLandscapeLeft UIInterfaceOrientationLandscapeRight";
				LD_RUNPATH_SEARCH_PATHS = (
					"$(inherited)",
					"@executable_path/Frameworks",
				);
				MARKETING_VERSION = 1.0;
				PRODUCT_BUNDLE_IDENTIFIER = com.wc.UseCppStaticLib;
				PRODUCT_NAME = "$(TARGET_NAME)";
				SWIFT_EMIT_LOC_STRINGS = YES;
				TARGETED_DEVICE_FAMILY = "1,2";
			};
			name = Release;
		};
		4F7C30392A23823C00B7F7C9 /* Debug */ = {
			isa = XCBuildConfiguration;
			buildSettings = {
				CODE_SIGN_STYLE = Automatic;
				OTHER_LDFLAGS = "-ObjC";
				PRODUCT_NAME = "$(TARGET_NAME)";
				SKIP_INSTALL = YES;
				TARGETED_DEVICE_FAMILY = "1,2";
			};
			name = Debug;
		};
		4F7C303A2A23823C00B7F7C9 /* Release */ = {
			isa = XCBuildConfiguration;
			buildSettings = {
				CODE_SIGN_STYLE = Automatic;
				OTHER_LDFLAGS = "-ObjC";
				PRODUCT_NAME = "$(TARGET_NAME)";
				SKIP_INSTALL = YES;
				TARGETED_DEVICE_FAMILY = "1,2";
			};
			name = Release;
		};
/* End XCBuildConfiguration section */

/* Begin XCConfigurationList section */
		4F436E872A0CD8E5000D1F4A /* Build configuration list for PBXProject "HelloDjinni" */ = {
			isa = XCConfigurationList;
			buildConfigurations = (
				4F436EA32A0CD8E9000D1F4A /* Debug */,
				4F436EA42A0CD8E9000D1F4A /* Release */,
			);
			defaultConfigurationIsVisible = 0;
			defaultConfigurationName = Release;
		};
		4F436EA52A0CD8E9000D1F4A /* Build configuration list for PBXNativeTarget "HelloDjinni" */ = {
			isa = XCConfigurationList;
			buildConfigurations = (
				4F436EA62A0CD8E9000D1F4A /* Debug */,
				4F436EA72A0CD8E9000D1F4A /* Release */,
			);
			defaultConfigurationIsVisible = 0;
			defaultConfigurationName = Release;
		};
		4F7C302B2A23821E00B7F7C9 /* Build configuration list for PBXNativeTarget "UseCppStaticLib" */ = {
			isa = XCConfigurationList;
			buildConfigurations = (
				4F7C302C2A23821E00B7F7C9 /* Debug */,
				4F7C302D2A23821E00B7F7C9 /* Release */,
			);
			defaultConfigurationIsVisible = 0;
			defaultConfigurationName = Release;
		};
		4F7C30382A23823C00B7F7C9 /* Build configuration list for PBXNativeTarget "CppStaticLib" */ = {
			isa = XCConfigurationList;
			buildConfigurations = (
				4F7C30392A23823C00B7F7C9 /* Debug */,
				4F7C303A2A23823C00B7F7C9 /* Release */,
			);
			defaultConfigurationIsVisible = 0;
			defaultConfigurationName = Release;
		};
/* End XCConfigurationList section */
	};
	rootObject = 4F436E842A0CD8E5000D1F4A /* Project object */;
}
